
Microsoft Visual Studio Solution File, Format Version 12.00
# Visual Studio Version 17
VisualStudioVersion = 17.8.34408.163
MinimumVisualStudioVersion = 10.0.40219.1
Project("{9A19103F-16F7-4668-BE54-9A1E7A4F7556}") = "TodoApi", "TodoApi.csproj", "{6CBBE942-0843-4D3D-BBB4-0A47B441E743}"
EndProject
Global
	GlobalSection(SolutionConfigurationPlatforms) = preSolution
		Debug|Any CPU = Debug|Any CPU
		Release|Any CPU = Release|Any CPU
	EndGlobalSection
	GlobalSection(ProjectConfigurationPlatforms) = postSolution
		{6CBBE942-0843-4D3D-BBB4-0A47B441E743}.Debug|Any CPU.ActiveCfg = Debug|Any CPU
		{6CBBE942-0843-4D3D-BBB4-0A47B441E743}.Debug|Any CPU.Build.0 = Debug|Any CPU
		{6CBBE942-0843-4D3D-BBB4-0A47B441E743}.Release|Any CPU.ActiveCfg = Release|Any CPU
		{6CBBE942-0843-4D3D-BBB4-0A47B441E743}.Release|Any CPU.Build.0 = Release|Any CPU
	EndGlobalSection
	GlobalSection(SolutionProperties) = preSolution
		HideSolutionNode = FALSE
	EndGlobalSection
	GlobalSection(ExtensibilityGlobals) = postSolution
		SolutionGuid = {C41BDF2D-70BC-44A5-A4A4-A59128E79819}
	EndGlobalSection
EndGlobal
